
Microsoft Visual Studio Solution File, Format Version 12.00
# Visual Studio 2012
Project("{FAE04EC0-301F-11D3-BF4B-00C04F79EFBC}") = "PoorsManDDD.Domain", "Domain\PoorsManDDD.Domain.csproj", "{1832472C-F9C0-4F89-9DF5-65A8340B7412}"
EndProject
Project("{FAE04EC0-301F-11D3-BF4B-00C04F79EFBC}") = "PoorsManDDD.Data", "Data\PoorsManDDD.Data.csproj", "{354AAC3E-F338-4869-9264-A6E022594FBC}"
EndProject
Project("{FAE04EC0-301F-11D3-BF4B-00C04F79EFBC}") = "PoorsManDDD.Services", "Services\PoorsManDDD.Services.csproj", "{DD28278D-1130-4039-945A-0A7610BE25E2}"
EndProject
Project("{FAE04EC0-301F-11D3-BF4B-00C04F79EFBC}") = "PoorsManDDD.Web", "Web\PoorsManDDD.Web.csproj", "{A03CF992-F042-472A-95C0-D5FF41C104D9}"
EndProject
Project("{FAE04EC0-301F-11D3-BF4B-00C04F79EFBC}") = "PoorsManDDD.CrossDomain", "CrossDomain\PoorsManDDD.CrossDomain.csproj", "{B1020C18-5603-4173-8B31-95FA0E3CEE60}"
EndProject
Project("{2150E333-8FDC-42A3-9474-1A3956D46DE8}") = "Data", "Data", "{0A98AC6F-0B6C-496F-A562-D9D4C1302556}"
EndProject
Project("{2150E333-8FDC-42A3-9474-1A3956D46DE8}") = "Domain", "Domain", "{62B77462-3D09-442F-A941-B5150E3E7C82}"
EndProject
Project("{2150E333-8FDC-42A3-9474-1A3956D46DE8}") = "Services", "Services", "{35CFF5CB-B034-493A-8D92-BB1E91328C85}"
EndProject
Project("{2150E333-8FDC-42A3-9474-1A3956D46DE8}") = "UI", "UI", "{9896198E-0AFC-4BCB-8DBD-7A88CAA98AF5}"
EndProject
Project("{2150E333-8FDC-42A3-9474-1A3956D46DE8}") = "CrossDomain", "CrossDomain", "{3D20C331-F5CD-46FD-8317-AF29C807FDA5}"
EndProject
Project("{FAE04EC0-301F-11D3-BF4B-00C04F79EFBC}") = "PoorsManDDD.Services.Contracts", "Services.Contracts\PoorsManDDD.Services.Contracts.csproj", "{E4A14E9E-013F-4285-9542-C21205A41344}"
EndProject
Project("{FAE04EC0-301F-11D3-BF4B-00C04F79EFBC}") = "PoorsManDDD.CrossDomain.Ninject", "CrossDomain.Ninject\PoorsManDDD.CrossDomain.Ninject.csproj", "{137DF263-A50A-45D2-9D57-4FB2B6FC7C53}"
EndProject
Project("{FAE04EC0-301F-11D3-BF4B-00C04F79EFBC}") = "PoorsManDDD.Web.Configuration", "Web.Configuration\PoorsManDDD.Web.Configuration.csproj", "{3401E77D-405D-4CAD-9E11-12AFA9C6E061}"
EndProject
Project("{FAE04EC0-301F-11D3-BF4B-00C04F79EFBC}") = "PoorsManDDD.Dependencies", "Dependencies\PoorsManDDD.Dependencies.csproj", "{0E7227F9-FB10-415E-9F3C-AD9E4D04BC6E}"
EndProject
Global
	GlobalSection(SolutionConfigurationPlatforms) = preSolution
		Debug|Any CPU = Debug|Any CPU
		Release|Any CPU = Release|Any CPU
	EndGlobalSection
	GlobalSection(ProjectConfigurationPlatforms) = postSolution
		{1832472C-F9C0-4F89-9DF5-65A8340B7412}.Debug|Any CPU.ActiveCfg = Debug|Any CPU
		{1832472C-F9C0-4F89-9DF5-65A8340B7412}.Debug|Any CPU.Build.0 = Debug|Any CPU
		{1832472C-F9C0-4F89-9DF5-65A8340B7412}.Release|Any CPU.ActiveCfg = Release|Any CPU
		{1832472C-F9C0-4F89-9DF5-65A8340B7412}.Release|Any CPU.Build.0 = Release|Any CPU
		{354AAC3E-F338-4869-9264-A6E022594FBC}.Debug|Any CPU.ActiveCfg = Debug|Any CPU
		{354AAC3E-F338-4869-9264-A6E022594FBC}.Debug|Any CPU.Build.0 = Debug|Any CPU
		{354AAC3E-F338-4869-9264-A6E022594FBC}.Release|Any CPU.ActiveCfg = Release|Any CPU
		{354AAC3E-F338-4869-9264-A6E022594FBC}.Release|Any CPU.Build.0 = Release|Any CPU
		{DD28278D-1130-4039-945A-0A7610BE25E2}.Debug|Any CPU.ActiveCfg = Debug|Any CPU
		{DD28278D-1130-4039-945A-0A7610BE25E2}.Debug|Any CPU.Build.0 = Debug|Any CPU
		{DD28278D-1130-4039-945A-0A7610BE25E2}.Release|Any CPU.ActiveCfg = Release|Any CPU
		{DD28278D-1130-4039-945A-0A7610BE25E2}.Release|Any CPU.Build.0 = Release|Any CPU
		{A03CF992-F042-472A-95C0-D5FF41C104D9}.Debug|Any CPU.ActiveCfg = Debug|Any CPU
		{A03CF992-F042-472A-95C0-D5FF41C104D9}.Debug|Any CPU.Build.0 = Debug|Any CPU
		{A03CF992-F042-472A-95C0-D5FF41C104D9}.Release|Any CPU.ActiveCfg = Release|Any CPU
		{A03CF992-F042-472A-95C0-D5FF41C104D9}.Release|Any CPU.Build.0 = Release|Any CPU
		{B1020C18-5603-4173-8B31-95FA0E3CEE60}.Debug|Any CPU.ActiveCfg = Debug|Any CPU
		{B1020C18-5603-4173-8B31-95FA0E3CEE60}.Debug|Any CPU.Build.0 = Debug|Any CPU
		{B1020C18-5603-4173-8B31-95FA0E3CEE60}.Release|Any CPU.ActiveCfg = Release|Any CPU
		{B1020C18-5603-4173-8B31-95FA0E3CEE60}.Release|Any CPU.Build.0 = Release|Any CPU
		{E4A14E9E-013F-4285-9542-C21205A41344}.Debug|Any CPU.ActiveCfg = Debug|Any CPU
		{E4A14E9E-013F-4285-9542-C21205A41344}.Debug|Any CPU.Build.0 = Debug|Any CPU
		{E4A14E9E-013F-4285-9542-C21205A41344}.Release|Any CPU.ActiveCfg = Release|Any CPU
		{E4A14E9E-013F-4285-9542-C21205A41344}.Release|Any CPU.Build.0 = Release|Any CPU
		{137DF263-A50A-45D2-9D57-4FB2B6FC7C53}.Debug|Any CPU.ActiveCfg = Debug|Any CPU
		{137DF263-A50A-45D2-9D57-4FB2B6FC7C53}.Debug|Any CPU.Build.0 = Debug|Any CPU
		{137DF263-A50A-45D2-9D57-4FB2B6FC7C53}.Release|Any CPU.ActiveCfg = Release|Any CPU
		{137DF263-A50A-45D2-9D57-4FB2B6FC7C53}.Release|Any CPU.Build.0 = Release|Any CPU
		{3401E77D-405D-4CAD-9E11-12AFA9C6E061}.Debug|Any CPU.ActiveCfg = Debug|Any CPU
		{3401E77D-405D-4CAD-9E11-12AFA9C6E061}.Debug|Any CPU.Build.0 = Debug|Any CPU
		{3401E77D-405D-4CAD-9E11-12AFA9C6E061}.Release|Any CPU.ActiveCfg = Release|Any CPU
		{3401E77D-405D-4CAD-9E11-12AFA9C6E061}.Release|Any CPU.Build.0 = Release|Any CPU
		{0E7227F9-FB10-415E-9F3C-AD9E4D04BC6E}.Debug|Any CPU.ActiveCfg = Debug|Any CPU
		{0E7227F9-FB10-415E-9F3C-AD9E4D04BC6E}.Debug|Any CPU.Build.0 = Debug|Any CPU
		{0E7227F9-FB10-415E-9F3C-AD9E4D04BC6E}.Release|Any CPU.ActiveCfg = Release|Any CPU
		{0E7227F9-FB10-415E-9F3C-AD9E4D04BC6E}.Release|Any CPU.Build.0 = Release|Any CPU
	EndGlobalSection
	GlobalSection(SolutionProperties) = preSolution
		HideSolutionNode = FALSE
	EndGlobalSection
	GlobalSection(NestedProjects) = preSolution
		{354AAC3E-F338-4869-9264-A6E022594FBC} = {0A98AC6F-0B6C-496F-A562-D9D4C1302556}
		{1832472C-F9C0-4F89-9DF5-65A8340B7412} = {62B77462-3D09-442F-A941-B5150E3E7C82}
		{DD28278D-1130-4039-945A-0A7610BE25E2} = {35CFF5CB-B034-493A-8D92-BB1E91328C85}
		{E4A14E9E-013F-4285-9542-C21205A41344} = {35CFF5CB-B034-493A-8D92-BB1E91328C85}
		{A03CF992-F042-472A-95C0-D5FF41C104D9} = {9896198E-0AFC-4BCB-8DBD-7A88CAA98AF5}
		{3401E77D-405D-4CAD-9E11-12AFA9C6E061} = {9896198E-0AFC-4BCB-8DBD-7A88CAA98AF5}
		{B1020C18-5603-4173-8B31-95FA0E3CEE60} = {3D20C331-F5CD-46FD-8317-AF29C807FDA5}
		{137DF263-A50A-45D2-9D57-4FB2B6FC7C53} = {3D20C331-F5CD-46FD-8317-AF29C807FDA5}
		{0E7227F9-FB10-415E-9F3C-AD9E4D04BC6E} = {3D20C331-F5CD-46FD-8317-AF29C807FDA5}
	EndGlobalSection
EndGlobal
